
Microsoft Visual Studio Solution File, Format Version 12.00
# Visual Studio Version 17
VisualStudioVersion = 17.7.34302.85
MinimumVisualStudioVersion = 10.0.40219.1
Project("{9A19103F-16F7-4668-BE54-9A1E7A4F7556}") = "TEAMS2HA", "TEAMS2HA.csproj", "{38D15280-C54C-403A-9676-DA1FFB23BB70}"
EndProject
Global
	GlobalSection(SolutionConfigurationPlatforms) = preSolution
		Debug|Any CPU = Debug|Any CPU
		Release|Any CPU = Release|Any CPU
	EndGlobalSection
	GlobalSection(ProjectConfigurationPlatforms) = postSolution
		{38D15280-C54C-403A-9676-DA1FFB23BB70}.Debug|Any CPU.ActiveCfg = Debug|Any CPU
		{38D15280-C54C-403A-9676-DA1FFB23BB70}.Debug|Any CPU.Build.0 = Debug|Any CPU
		{38D15280-C54C-403A-9676-DA1FFB23BB70}.Release|Any CPU.ActiveCfg = Release|Any CPU
		{38D15280-C54C-403A-9676-DA1FFB23BB70}.Release|Any CPU.Build.0 = Release|Any CPU
	EndGlobalSection
	GlobalSection(SolutionProperties) = preSolution
		HideSolutionNode = FALSE
	EndGlobalSection
	GlobalSection(ExtensibilityGlobals) = postSolution
		SolutionGuid = {B36EEA34-530D-4798-8434-258D3B4990CF}
	EndGlobalSection
EndGlobal
